
Microsoft Visual Studio Solution File, Format Version 12.00
# Visual Studio Version 16
VisualStudioVersion = 16.0.30611.23
MinimumVisualStudioVersion = 10.0.40219.1
Project("{FAE04EC0-301F-11D3-BF4B-00C04F79EFBC}") = "GhostSpectator", "GhostSpectator\GhostSpectator.csproj", "{213C8C70-3585-4E16-B457-5FD5B6984F9E}"
EndProject
Global
	GlobalSection(SolutionConfigurationPlatforms) = preSolution
		Debug|Any CPU = Debug|Any CPU
		Release|Any CPU = Release|Any CPU
	EndGlobalSection
	GlobalSection(ProjectConfigurationPlatforms) = postSolution
		{213C8C70-3585-4E16-B457-5FD5B6984F9E}.Debug|Any CPU.ActiveCfg = Debug|Any CPU
		{213C8C70-3585-4E16-B457-5FD5B6984F9E}.Debug|Any CPU.Build.0 = Debug|Any CPU
		{213C8C70-3585-4E16-B457-5FD5B6984F9E}.Release|Any CPU.ActiveCfg = Release|Any CPU
		{213C8C70-3585-4E16-B457-5FD5B6984F9E}.Release|Any CPU.Build.0 = Release|Any CPU
	EndGlobalSection
	GlobalSection(SolutionProperties) = preSolution
		HideSolutionNode = FALSE
	EndGlobalSection
	GlobalSection(ExtensibilityGlobals) = postSolution
		SolutionGuid = {260D0662-5C3D-4B85-AFB3-8BDB9C301D28}
	EndGlobalSection
EndGlobal
